
Microsoft Visual Studio Solution File, Format Version 12.00
# Visual Studio Version 17
VisualStudioVersion = 17.4.33213.308
MinimumVisualStudioVersion = 10.0.40219.1
Project("{FAE04EC0-301F-11D3-BF4B-00C04F79EFBC}") = "Pizzeria", "Pizzeria\Pizzeria.csproj", "{F17D7EEE-76EE-4194-90F2-38D7A67AB562}"
EndProject
Global
	GlobalSection(SolutionConfigurationPlatforms) = preSolution
		Debug|Any CPU = Debug|Any CPU
		Release|Any CPU = Release|Any CPU
	EndGlobalSection
	GlobalSection(ProjectConfigurationPlatforms) = postSolution
		{F17D7EEE-76EE-4194-90F2-38D7A67AB562}.Debug|Any CPU.ActiveCfg = Debug|Any CPU
		{F17D7EEE-76EE-4194-90F2-38D7A67AB562}.Debug|Any CPU.Build.0 = Debug|Any CPU
		{F17D7EEE-76EE-4194-90F2-38D7A67AB562}.Release|Any CPU.ActiveCfg = Release|Any CPU
		{F17D7EEE-76EE-4194-90F2-38D7A67AB562}.Release|Any CPU.Build.0 = Release|Any CPU
	EndGlobalSection
	GlobalSection(SolutionProperties) = preSolution
		HideSolutionNode = FALSE
	EndGlobalSection
	GlobalSection(ExtensibilityGlobals) = postSolution
		SolutionGuid = {DE177BC5-B7E8-4FC8-87B8-0522967FF4E5}
	EndGlobalSection
EndGlobal
